
Microsoft Visual Studio Solution File, Format Version 12.00
# Visual Studio Version 17
VisualStudioVersion = 17.11.35222.181
MinimumVisualStudioVersion = 10.0.40219.1
Project("{FAE04EC0-301F-11D3-BF4B-00C04F79EFBC}") = "SimpleBookApi", "SimpleBookApi\SimpleBookApi.csproj", "{190D8B2A-2273-4B38-B2D4-1CBFF5900D7D}"
EndProject
Global
	GlobalSection(SolutionConfigurationPlatforms) = preSolution
		Debug|Any CPU = Debug|Any CPU
		Release|Any CPU = Release|Any CPU
	EndGlobalSection
	GlobalSection(ProjectConfigurationPlatforms) = postSolution
		{190D8B2A-2273-4B38-B2D4-1CBFF5900D7D}.Debug|Any CPU.ActiveCfg = Debug|Any CPU
		{190D8B2A-2273-4B38-B2D4-1CBFF5900D7D}.Debug|Any CPU.Build.0 = Debug|Any CPU
		{190D8B2A-2273-4B38-B2D4-1CBFF5900D7D}.Release|Any CPU.ActiveCfg = Release|Any CPU
		{190D8B2A-2273-4B38-B2D4-1CBFF5900D7D}.Release|Any CPU.Build.0 = Release|Any CPU
	EndGlobalSection
	GlobalSection(SolutionProperties) = preSolution
		HideSolutionNode = FALSE
	EndGlobalSection
	GlobalSection(ExtensibilityGlobals) = postSolution
		SolutionGuid = {4026AFEC-6590-44E0-83D4-C376A47E6AA3}
	EndGlobalSection
EndGlobal
